{
    "name": "@supalosa/chronodivide-bot",
    "version": "0.2.2",
    "lockfileVersion": 1,
    "requires": true,
    "dependencies": {
        "@chronodivide/game-api": {
            "version": "0.45.0",
            "resolved": "https://registry.npmjs.org/@chronodivide/game-api/-/game-api-0.45.0.tgz",
            "integrity": "sha512-IBN3CfI4iEi9RgQJDeY0eNEzMm0zI068Em1i4pm7GgZvqob2/CgJHiKBvz55W83dGkZLsSUL2kUNZJj2S9FVow==",
            "dev": true,
            "requires": {
                "@types/three": "^0.93.31",
                "es-dirname": "^0.1.0",
                "file-system-access": "^1.0.1",
                "three": "^0.94.0",
                "websocket-polyfill": "0.0.3"
            }
        },
        "@datastructures-js/heap": {
            "version": "4.3.2",
            "resolved": "https://registry.npmjs.org/@datastructures-js/heap/-/heap-4.3.2.tgz",
            "integrity": "sha512-7/9QSsIZ+wMG3C9++mz9iOjdtTp9C036PISHvNjG3eyFO8nXOBJQFKgeV7M6/+EPl+oXXFRGBb8Ue60LsqTqGw=="
        },
        "@datastructures-js/priority-queue": {
            "version": "6.3.0",
            "resolved": "https://registry.npmjs.org/@datastructures-js/priority-queue/-/priority-queue-6.3.0.tgz",
            "integrity": "sha512-bJkryPys8zVYMCSjyBPYzJlw5V2kMeOYzGHRBXiGkwqTv8vZ/Ux5RO736T8Y6l3cH+ocbQV9UxlsFwA9qI4VhA==",
            "requires": {
                "@datastructures-js/heap": "^4.3.1"
            }
        },
        "@timohausmann/quadtree-ts": {
            "version": "2.0.0-beta.1",
            "resolved": "https://registry.npmjs.org/@timohausmann/quadtree-ts/-/quadtree-ts-2.0.0-beta.1.tgz",
            "integrity": "sha512-zq8AnO1qoYM66OXkiC9d5wIIvNeHy3XIA0AwPtGRNkmX0uv9aktyyBRWzqPW/dZWMMkG4uLluer38QJc+QV/5w=="
        },
        "@types/lodash": {
            "version": "4.14.199",
            "resolved": "https://registry.npmjs.org/@types/lodash/-/lodash-4.14.199.tgz",
            "integrity": "sha512-Vrjz5N5Ia4SEzWWgIVwnHNEnb1UE1XMkvY5DGXrAeOGE9imk0hgTHh5GyDjLDJi9OTCn9oo9dXH1uToK1VRfrg==",
            "dev": true
        },
        "@types/lodash.countby": {
            "version": "4.6.8",
            "resolved": "https://registry.npmjs.org/@types/lodash.countby/-/lodash.countby-4.6.8.tgz",
            "integrity": "sha512-ZR2vhDXLp4Xwv+PAgAUJiRaOOEGI+fiUJoVqhDspiJ0bMPootDlySYteq+BkjNxOjJMVv5DPUrNcfYKpEWzIGA==",
            "dev": true,
            "requires": {
                "@types/lodash": "*"
            }
        },
        "@types/lodash.maxby": {
            "version": "4.6.8",
            "resolved": "https://registry.npmjs.org/@types/lodash.maxby/-/lodash.maxby-4.6.8.tgz",
            "integrity": "sha512-cUtS3YFSOPRWEepWYf9Lfe5MAcwify1ebUXC6un+ZTC2HvbzfEgshUgZ7oC6n/NSLWJJnw/YbDRWggUcvFCEwA==",
            "dev": true,
            "requires": {
                "@types/lodash": "*"
            }
        },
        "@types/lodash.min": {
            "version": "4.0.8",
            "resolved": "https://registry.npmjs.org/@types/lodash.min/-/lodash.min-4.0.8.tgz",
            "integrity": "sha512-RW03KxIKJbwM+B0AWuEjyp92D4d2HIKYf1to+I5G0fcvFMnKH/pE9F2iLdPsEDgwACwgL6X8CYQy20Fka8hXzg==",
            "dev": true,
            "requires": {
                "@types/lodash": "*"
            }
        },
        "@types/lodash.uniqby": {
            "version": "4.7.8",
            "resolved": "https://registry.npmjs.org/@types/lodash.uniqby/-/lodash.uniqby-4.7.8.tgz",
            "integrity": "sha512-tj9oT87G6wlUifTZ41Dp0nF1zeUoF7jYyAerB++NZwudOumYg+/bJnkqkApptg6rODJJgNuY6q4CeasYHVo+Jg==",
            "dev": true,
            "requires": {
                "@types/lodash": "*"
            }
        },
        "@types/luxon": {
            "version": "3.3.2",
            "resolved": "https://registry.npmjs.org/@types/luxon/-/luxon-3.3.2.tgz",
            "integrity": "sha512-l5cpE57br4BIjK+9BSkFBOsWtwv6J9bJpC7gdXIzZyI0vuKvNTk0wZZrkQxMGsUAuGW9+WMNWF2IJMD7br2yeQ=="
        },
        "@types/node": {
            "version": "14.17.32",
            "resolved": "https://registry.npmjs.org/@types/node/-/node-14.17.32.tgz",
            "integrity": "sha512-JcII3D5/OapPGx+eJ+Ik1SQGyt6WvuqdRfh9jUwL6/iHGjmyOriBDciBUu7lEIBTL2ijxwrR70WUnw5AEDmFvQ==",
            "dev": true
        },
        "@types/three": {
            "version": "0.93.31",
            "resolved": "https://registry.npmjs.org/@types/three/-/three-0.93.31.tgz",
            "integrity": "sha512-lR9eLY3gnrUDAdW4ujITgVTPEv1Oy2yoL3LlfKAnjQuzyjGSR+PvQuXuWmaDCD1IyWhkqbnol1nJwaW0MGe35A==",
            "dev": true
        },
        "@types/wicg-file-system-access": {
            "version": "2020.9.8",
            "resolved": "https://registry.npmjs.org/@types/wicg-file-system-access/-/wicg-file-system-access-2020.9.8.tgz",
            "integrity": "sha512-ggMz8nOygG7d/stpH40WVaNvBwuyYLnrg5Mbyf6bmsj/8+gb6Ei4ZZ9/4PNpcPNTT8th9Q8sM8wYmWGjMWLX/A==",
            "dev": true
        },
        "bufferutil": {
            "version": "4.0.8",
            "resolved": "https://registry.npmjs.org/bufferutil/-/bufferutil-4.0.8.tgz",
            "integrity": "sha512-4T53u4PdgsXqKaIctwF8ifXlRTTmEPJ8iEPWFdGZvcf7sbwYo6FKFEX9eNNAnzFZ7EzJAQ3CJeOtCRA4rDp7Pw==",
            "dev": true,
            "requires": {
                "node-gyp-build": "^4.3.0"
            }
        },
        "d": {
            "version": "1.0.1",
            "resolved": "https://registry.npmjs.org/d/-/d-1.0.1.tgz",
            "integrity": "sha512-m62ShEObQ39CfralilEQRjH6oAMtNCV1xJyEx5LpRYUVN+EviphDgUc/F3hnYbADmkiNs67Y+3ylmlG7Lnu+FA==",
            "dev": true,
            "requires": {
                "es5-ext": "^0.10.50",
                "type": "^1.0.1"
            }
        },
        "debug": {
            "version": "2.6.9",
            "resolved": "https://registry.npmjs.org/debug/-/debug-2.6.9.tgz",
            "integrity": "sha512-bC7ElrdJaJnPbAP+1EotYvqZsb3ecl5wi6Bfi6BJTUcNowp6cvspg0jXznRTKDjm/E7AdgFBVeAPVMNcKGsHMA==",
            "dev": true,
            "requires": {
                "ms": "2.0.0"
            }
        },
        "es-dirname": {
            "version": "0.1.0",
            "resolved": "https://registry.npmjs.org/es-dirname/-/es-dirname-0.1.0.tgz",
            "integrity": "sha512-tcTj4pVFXe5EdiHCybjynDTlvkwuNN6JCg9+5BVB+n9qQoMyWOtxpREoL7rGO3sCIAX55Y6CYZi4s1c30uxvPg==",
            "dev": true
        },
        "es5-ext": {
            "version": "0.10.62",
            "resolved": "https://registry.npmjs.org/es5-ext/-/es5-ext-0.10.62.tgz",
            "integrity": "sha512-BHLqn0klhEpnOKSrzn/Xsz2UIW8j+cGmo9JLzr8BiUapV8hPL9+FliFqjwr9ngW7jWdnxv6eO+/LqyhJVqgrjA==",
            "dev": true,
            "requires": {
                "es6-iterator": "^2.0.3",
                "es6-symbol": "^3.1.3",
                "next-tick": "^1.1.0"
            }
        },
        "es6-iterator": {
            "version": "2.0.3",
            "resolved": "https://registry.npmjs.org/es6-iterator/-/es6-iterator-2.0.3.tgz",
            "integrity": "sha512-zw4SRzoUkd+cl+ZoE15A9o1oQd920Bb0iOJMQkQhl3jNc03YqVjAhG7scf9C5KWRU/R13Orf588uCC6525o02g==",
            "dev": true,
            "requires": {
                "d": "1",
                "es5-ext": "^0.10.35",
                "es6-symbol": "^3.1.1"
            }
        },
        "es6-symbol": {
            "version": "3.1.3",
            "resolved": "https://registry.npmjs.org/es6-symbol/-/es6-symbol-3.1.3.tgz",
            "integrity": "sha512-NJ6Yn3FuDinBaBRWl/q5X/s4koRHBrgKAu+yGI6JCBeiu3qrcbJhwT2GeR/EXVfylRk8dpQVJoLEFhK+Mu31NA==",
            "dev": true,
            "requires": {
                "d": "^1.0.1",
                "ext": "^1.1.2"
            }
        },
        "ext": {
            "version": "1.7.0",
            "resolved": "https://registry.npmjs.org/ext/-/ext-1.7.0.tgz",
            "integrity": "sha512-6hxeJYaL110a9b5TEJSj0gojyHQAmA2ch5Os+ySCiA1QGdS697XWY1pzsrSjqA9LDEEgdB/KypIlR59RcLuHYw==",
            "dev": true,
            "requires": {
                "type": "^2.7.2"
            },
            "dependencies": {
                "type": {
                    "version": "2.7.2",
                    "resolved": "https://registry.npmjs.org/type/-/type-2.7.2.tgz",
                    "integrity": "sha512-dzlvlNlt6AXU7EBSfpAscydQ7gXB+pPGsPnfJnZpiNJBDj7IaJzQlBZYGdEi4R9HmPdBv2XmWJ6YUtoTa7lmCw==",
                    "dev": true
                }
            }
        },
        "fetch-blob": {
            "version": "3.2.0",
            "resolved": "https://registry.npmjs.org/fetch-blob/-/fetch-blob-3.2.0.tgz",
            "integrity": "sha512-7yAQpD2UMJzLi1Dqv7qFYnPbaPx7ZfFK6PiIxQ4PfkGPyNyl2Ugx+a/umUonmKqjhM4DnfbMvdX6otXq83soQQ==",
            "dev": true,
            "requires": {
                "node-domexception": "^1.0.0",
                "web-streams-polyfill": "^3.0.3"
            }
        },
        "file-system-access": {
            "version": "1.0.4",
            "resolved": "https://registry.npmjs.org/file-system-access/-/file-system-access-1.0.4.tgz",
            "integrity": "sha512-JDlhH+gJfZu/oExmtN4/6VX+q1etlrbJbR5uzoBa4BzfTRQbEXGFuGIBRk3ZcPocko3WdEclZSu+d/SByjG6Rg==",
            "dev": true,
            "requires": {
                "@types/wicg-file-system-access": "^2020.9.2",
                "fetch-blob": "^3.0.0",
                "node-domexception": "^1.0.0",
                "web-streams-polyfill": "^3.1.0"
            }
        },
        "is-typedarray": {
            "version": "1.0.0",
            "resolved": "https://registry.npmjs.org/is-typedarray/-/is-typedarray-1.0.0.tgz",
            "integrity": "sha512-cyA56iCMHAh5CdzjJIa4aohJyeO1YbwLi3Jc35MmRU6poroFjIGZzUzupGiRPOjgHg9TLu43xbpwXk523fMxKA==",
            "dev": true
        },
        "lodash.countby": {
            "version": "4.6.0",
            "resolved": "https://registry.npmjs.org/lodash.countby/-/lodash.countby-4.6.0.tgz",
            "integrity": "sha512-RhdqSKPeVL9zWY5jSYHA2PHrV+lm2x/NfZd1uCUMEJXZoqFJ14MlSjnm+otBVdmlrkJ3trLKM07wuMszZ5GIbA=="
        },
        "lodash.maxby": {
            "version": "4.6.0",
            "resolved": "https://registry.npmjs.org/lodash.maxby/-/lodash.maxby-4.6.0.tgz",
            "integrity": "sha512-QfTqQTwzmKxLy7VZlbx2M/ipWv8DCQ2F5BI/MRxLharOQ5V78yMSuB+JE+EuUM22txYfj09R2Q7hUlEYj7KdNg=="
        },
        "lodash.min": {
            "version": "4.0.1",
            "resolved": "https://registry.npmjs.org/lodash.min/-/lodash.min-4.0.1.tgz",
            "integrity": "sha512-evqGbKKpUlPcSIMoPamfAEL2byHsyzQjgj67Mw3sInyNO3Q3vytHKkoXbWOgOONY1Mmj6vPHlL9JDJFTZ0DTUA=="
        },
        "lodash.uniqby": {
            "version": "4.7.0",
            "resolved": "https://registry.npmjs.org/lodash.uniqby/-/lodash.uniqby-4.7.0.tgz",
            "integrity": "sha512-e/zcLx6CSbmaEgFHCA7BnoQKyCtKMxnuWrJygbwPs/AIn+IMKl66L8/s+wBUn5LRw2pZx3bUHibiV1b6aTWIww=="
        },
        "ms": {
            "version": "2.0.0",
            "resolved": "https://registry.npmjs.org/ms/-/ms-2.0.0.tgz",
            "integrity": "sha512-Tpp60P6IUJDTuOq/5Z8cdskzJujfwqfOTkrwIwj7IRISpnkJnT6SyJ4PCPnGMoFjC9ddhal5KVIYtAt97ix05A==",
            "dev": true
        },
        "next-tick": {
            "version": "1.1.0",
            "resolved": "https://registry.npmjs.org/next-tick/-/next-tick-1.1.0.tgz",
            "integrity": "sha512-CXdUiJembsNjuToQvxayPZF9Vqht7hewsvy2sOWafLvi2awflj9mOC6bHIg50orX8IJvWKY9wYQ/zB2kogPslQ==",
            "dev": true
        },
        "node-domexception": {
            "version": "1.0.0",
            "resolved": "https://registry.npmjs.org/node-domexception/-/node-domexception-1.0.0.tgz",
            "integrity": "sha512-/jKZoMpw0F8GRwl4/eLROPA3cfcXtLApP0QzLmUT/HuPCZWyB7IY9ZrMeKw2O/nFIqPQB3PVM9aYm0F312AXDQ==",
            "dev": true
        },
        "node-gyp-build": {
            "version": "4.6.1",
            "resolved": "https://registry.npmjs.org/node-gyp-build/-/node-gyp-build-4.6.1.tgz",
            "integrity": "sha512-24vnklJmyRS8ViBNI8KbtK/r/DmXQMRiOMXTNz2nrTnAYUwjmEEbnnpB/+kt+yWRv73bPsSPRFddrcIbAxSiMQ==",
            "dev": true
        },
        "prettier": {
            "version": "3.0.3",
            "resolved": "https://registry.npmjs.org/prettier/-/prettier-3.0.3.tgz",
            "integrity": "sha512-L/4pUDMxcNa8R/EthV08Zt42WBO4h1rarVtK0K+QJG0X187OLo7l699jWw0GKuwzkPQ//jMFA/8Xm6Fh3J/DAg==",
            "dev": true
        },
        "three": {
            "version": "0.94.0",
            "resolved": "https://registry.npmjs.org/three/-/three-0.94.0.tgz",
            "integrity": "sha512-UFyqFrb/CaTAHStYaPNxNeddNo/wlApRMJK0oIWjx5WMj/xhgXWKMRuAJ+leZBIA4wgeqifrbjKiwmNiysgMLg==",
            "dev": true
        },
        "tstl": {
            "version": "2.5.13",
            "resolved": "https://registry.npmjs.org/tstl/-/tstl-2.5.13.tgz",
            "integrity": "sha512-h9wayHHFI5+yqt8iau0vqH96cTNhezhZ/Fk/hrIdpfkiMu3lg9nzyvMfs5bIdX51IVzZO6DudLqhkL/rVXpT6g==",
            "dev": true
        },
        "type": {
            "version": "1.2.0",
            "resolved": "https://registry.npmjs.org/type/-/type-1.2.0.tgz",
            "integrity": "sha512-+5nt5AAniqsCnu2cEQQdpzCAh33kVx8n0VoFidKpB1dVVLAN/F+bgVOqOJqOnEnrhp222clB5p3vUlD+1QAnfg==",
            "dev": true
        },
        "typedarray-to-buffer": {
            "version": "3.1.5",
            "resolved": "https://registry.npmjs.org/typedarray-to-buffer/-/typedarray-to-buffer-3.1.5.tgz",
            "integrity": "sha512-zdu8XMNEDepKKR+XYOXAVPtWui0ly0NtohUscw+UmaHiAWT8hrV1rr//H6V+0DvJ3OQ19S979M0laLfX8rm82Q==",
            "dev": true,
            "requires": {
                "is-typedarray": "^1.0.0"
            }
        },
        "typescript": {
            "version": "4.3.5",
            "resolved": "https://registry.npmjs.org/typescript/-/typescript-4.3.5.tgz",
            "integrity": "sha512-DqQgihaQ9cUrskJo9kIyW/+g0Vxsk8cDtZ52a3NGh0YNTfpUSArXSohyUGnvbPazEPLu398C0UxmKSOrPumUzA==",
            "dev": true
        },
        "utf-8-validate": {
            "version": "5.0.10",
            "resolved": "https://registry.npmjs.org/utf-8-validate/-/utf-8-validate-5.0.10.tgz",
            "integrity": "sha512-Z6czzLq4u8fPOyx7TU6X3dvUZVvoJmxSQ+IcrlmagKhilxlhZgxPK6C5Jqbkw1IDUmFTM+cz9QDnnLTwDz/2gQ==",
            "dev": true,
            "requires": {
                "node-gyp-build": "^4.3.0"
            }
        },
        "web-streams-polyfill": {
            "version": "3.2.1",
            "resolved": "https://registry.npmjs.org/web-streams-polyfill/-/web-streams-polyfill-3.2.1.tgz",
            "integrity": "sha512-e0MO3wdXWKrLbL0DgGnUV7WHVuw9OUvL4hjgnPkIeEvESk74gAITi5G606JtZPp39cd8HA9VQzCIvA49LpPN5Q==",
            "dev": true
        },
        "websocket": {
            "version": "1.0.34",
            "resolved": "https://registry.npmjs.org/websocket/-/websocket-1.0.34.tgz",
            "integrity": "sha512-PRDso2sGwF6kM75QykIesBijKSVceR6jL2G8NGYyq2XrItNC2P5/qL5XeR056GhA+Ly7JMFvJb9I312mJfmqnQ==",
            "dev": true,
            "requires": {
                "bufferutil": "^4.0.1",
                "debug": "^2.2.0",
                "es5-ext": "^0.10.50",
                "typedarray-to-buffer": "^3.1.5",
                "utf-8-validate": "^5.0.2",
                "yaeti": "^0.0.6"
            }
        },
        "websocket-polyfill": {
            "version": "0.0.3",
            "resolved": "https://registry.npmjs.org/websocket-polyfill/-/websocket-polyfill-0.0.3.tgz",
            "integrity": "sha512-pF3kR8Uaoau78MpUmFfzbIRxXj9PeQrCuPepGE6JIsfsJ/o/iXr07Q2iQNzKSSblQJ0FiGWlS64N4pVSm+O3Dg==",
            "dev": true,
            "requires": {
                "tstl": "^2.0.7",
                "websocket": "^1.0.28"
            }
        },
        "yaeti": {
            "version": "0.0.6",
            "resolved": "https://registry.npmjs.org/yaeti/-/yaeti-0.0.6.tgz",
            "integrity": "sha512-MvQa//+KcZCUkBTIC9blM+CU9J2GzuTytsOUwf2lidtvkx/6gnEp1QvJv34t9vdjhFmha/mUiNDbN0D0mJWdug==",
            "dev": true
        }
    }
}
