{
  "name": "chronodivide-bot-project",
  "version": "0.6.7",
  "lockfileVersion": 3,
  "requires": true,
  "packages": {
    "": {
      "name": "chronodivide-bot-project",
      "version": "0.6.7",
      "workspaces": [
        "packages/chronodivide-bot",
        "packages/chronodivide-bot-driver"
      ]
    },
    "node_modules/@chronodivide/game-api": {
      "version": "0.73.0",
      "resolved": "https://registry.npmjs.org/@chronodivide/game-api/-/game-api-0.73.0.tgz",
      "integrity": "sha512-DMPR+s3iqebSOe9IKbRz3aR6FoLY5xgynE4z9H/GQ01CTwisajyb7axEmeB6PWI1HrPikIxuPmZUtaj0EUOKJQ==",
      "peer": true,
      "dependencies": {
        "@types/three": "^0.93.31",
        "es-dirname": "^0.1.0",
        "file-system-access": "^1.0.1",
        "three": "^0.94.0",
        "websocket-polyfill": "0.0.3"
      },
      "engines": {
        "node": ">=20"
      }
    },
    "node_modules/@datastructures-js/heap": {
      "version": "4.3.2",
      "resolved": "https://registry.npmjs.org/@datastructures-js/heap/-/heap-4.3.2.tgz",
      "integrity": "sha512-7/9QSsIZ+wMG3C9++mz9iOjdtTp9C036PISHvNjG3eyFO8nXOBJQFKgeV7M6/+EPl+oXXFRGBb8Ue60LsqTqGw=="
    },
    "node_modules/@datastructures-js/priority-queue": {
      "version": "6.3.0",
      "resolved": "https://registry.npmjs.org/@datastructures-js/priority-queue/-/priority-queue-6.3.0.tgz",
      "integrity": "sha512-bJkryPys8zVYMCSjyBPYzJlw5V2kMeOYzGHRBXiGkwqTv8vZ/Ux5RO736T8Y6l3cH+ocbQV9UxlsFwA9qI4VhA==",
      "dependencies": {
        "@datastructures-js/heap": "^4.3.1"
      }
    },
    "node_modules/@supalosa/chronodivide-bot": {
      "resolved": "packages/chronodivide-bot",
      "link": true
    },
    "node_modules/@supalosa/chronodivide-bot-driver": {
      "resolved": "packages/chronodivide-bot-driver",
      "link": true
    },
    "node_modules/@timohausmann/quadtree-ts": {
      "version": "2.2.2",
      "resolved": "https://registry.npmjs.org/@timohausmann/quadtree-ts/-/quadtree-ts-2.2.2.tgz",
      "integrity": "sha512-emYbmmbTb+S3F75yvt03KQ3pMO3v/4BzjbAVnflbYq3zJfcurTfZHeriK8o7T0lFzBz3kBw2Pn41vlK3pD8spw=="
    },
    "node_modules/@types/node": {
      "version": "14.18.63",
      "resolved": "https://registry.npmjs.org/@types/node/-/node-14.18.63.tgz",
      "integrity": "sha512-fAtCfv4jJg+ExtXhvCkCqUKZ+4ok/JQk01qDKhL5BDDoS3AxKXhV5/MAVUZyQnSEd2GT92fkgZl0pz0Q0AzcIQ==",
      "dev": true
    },
    "node_modules/@types/three": {
      "version": "0.93.31",
      "resolved": "https://registry.npmjs.org/@types/three/-/three-0.93.31.tgz",
      "integrity": "sha512-lR9eLY3gnrUDAdW4ujITgVTPEv1Oy2yoL3LlfKAnjQuzyjGSR+PvQuXuWmaDCD1IyWhkqbnol1nJwaW0MGe35A=="
    },
    "node_modules/@types/wicg-file-system-access": {
      "version": "2020.9.8",
      "resolved": "https://registry.npmjs.org/@types/wicg-file-system-access/-/wicg-file-system-access-2020.9.8.tgz",
      "integrity": "sha512-ggMz8nOygG7d/stpH40WVaNvBwuyYLnrg5Mbyf6bmsj/8+gb6Ei4ZZ9/4PNpcPNTT8th9Q8sM8wYmWGjMWLX/A=="
    },
    "node_modules/bufferutil": {
      "version": "4.0.8",
      "resolved": "https://registry.npmjs.org/bufferutil/-/bufferutil-4.0.8.tgz",
      "integrity": "sha512-4T53u4PdgsXqKaIctwF8ifXlRTTmEPJ8iEPWFdGZvcf7sbwYo6FKFEX9eNNAnzFZ7EzJAQ3CJeOtCRA4rDp7Pw==",
      "hasInstallScript": true,
      "dependencies": {
        "node-gyp-build": "^4.3.0"
      },
      "engines": {
        "node": ">=6.14.2"
      }
    },
    "node_modules/d": {
      "version": "1.0.1",
      "resolved": "https://registry.npmjs.org/d/-/d-1.0.1.tgz",
      "integrity": "sha512-m62ShEObQ39CfralilEQRjH6oAMtNCV1xJyEx5LpRYUVN+EviphDgUc/F3hnYbADmkiNs67Y+3ylmlG7Lnu+FA==",
      "dependencies": {
        "es5-ext": "^0.10.50",
        "type": "^1.0.1"
      }
    },
    "node_modules/debug": {
      "version": "2.6.9",
      "resolved": "https://registry.npmjs.org/debug/-/debug-2.6.9.tgz",
      "integrity": "sha512-bC7ElrdJaJnPbAP+1EotYvqZsb3ecl5wi6Bfi6BJTUcNowp6cvspg0jXznRTKDjm/E7AdgFBVeAPVMNcKGsHMA==",
      "dependencies": {
        "ms": "2.0.0"
      }
    },
    "node_modules/dotenv": {
      "version": "16.3.1",
      "resolved": "https://registry.npmjs.org/dotenv/-/dotenv-16.3.1.tgz",
      "integrity": "sha512-IPzF4w4/Rd94bA9imS68tZBaYyBWSCE47V1RGuMrB94iyTOIEwRmVL2x/4An+6mETpLrKJ5hQkB8W4kFAadeIQ==",
      "engines": {
        "node": ">=12"
      },
      "funding": {
        "url": "https://github.com/motdotla/dotenv?sponsor=1"
      }
    },
    "node_modules/es-dirname": {
      "version": "0.1.0",
      "resolved": "https://registry.npmjs.org/es-dirname/-/es-dirname-0.1.0.tgz",
      "integrity": "sha512-tcTj4pVFXe5EdiHCybjynDTlvkwuNN6JCg9+5BVB+n9qQoMyWOtxpREoL7rGO3sCIAX55Y6CYZi4s1c30uxvPg==",
      "deprecated": "This package is deprecated. Thanks for using it. Use `import.meta.dirname` now in ES modules instead."
    },
    "node_modules/es5-ext": {
      "version": "0.10.62",
      "resolved": "https://registry.npmjs.org/es5-ext/-/es5-ext-0.10.62.tgz",
      "integrity": "sha512-BHLqn0klhEpnOKSrzn/Xsz2UIW8j+cGmo9JLzr8BiUapV8hPL9+FliFqjwr9ngW7jWdnxv6eO+/LqyhJVqgrjA==",
      "hasInstallScript": true,
      "dependencies": {
        "es6-iterator": "^2.0.3",
        "es6-symbol": "^3.1.3",
        "next-tick": "^1.1.0"
      },
      "engines": {
        "node": ">=0.10"
      }
    },
    "node_modules/es6-iterator": {
      "version": "2.0.3",
      "resolved": "https://registry.npmjs.org/es6-iterator/-/es6-iterator-2.0.3.tgz",
      "integrity": "sha512-zw4SRzoUkd+cl+ZoE15A9o1oQd920Bb0iOJMQkQhl3jNc03YqVjAhG7scf9C5KWRU/R13Orf588uCC6525o02g==",
      "dependencies": {
        "d": "1",
        "es5-ext": "^0.10.35",
        "es6-symbol": "^3.1.1"
      }
    },
    "node_modules/es6-symbol": {
      "version": "3.1.3",
      "resolved": "https://registry.npmjs.org/es6-symbol/-/es6-symbol-3.1.3.tgz",
      "integrity": "sha512-NJ6Yn3FuDinBaBRWl/q5X/s4koRHBrgKAu+yGI6JCBeiu3qrcbJhwT2GeR/EXVfylRk8dpQVJoLEFhK+Mu31NA==",
      "dependencies": {
        "d": "^1.0.1",
        "ext": "^1.1.2"
      }
    },
    "node_modules/ext": {
      "version": "1.7.0",
      "resolved": "https://registry.npmjs.org/ext/-/ext-1.7.0.tgz",
      "integrity": "sha512-6hxeJYaL110a9b5TEJSj0gojyHQAmA2ch5Os+ySCiA1QGdS697XWY1pzsrSjqA9LDEEgdB/KypIlR59RcLuHYw==",
      "dependencies": {
        "type": "^2.7.2"
      }
    },
    "node_modules/ext/node_modules/type": {
      "version": "2.7.2",
      "resolved": "https://registry.npmjs.org/type/-/type-2.7.2.tgz",
      "integrity": "sha512-dzlvlNlt6AXU7EBSfpAscydQ7gXB+pPGsPnfJnZpiNJBDj7IaJzQlBZYGdEi4R9HmPdBv2XmWJ6YUtoTa7lmCw=="
    },
    "node_modules/fetch-blob": {
      "version": "3.2.0",
      "resolved": "https://registry.npmjs.org/fetch-blob/-/fetch-blob-3.2.0.tgz",
      "integrity": "sha512-7yAQpD2UMJzLi1Dqv7qFYnPbaPx7ZfFK6PiIxQ4PfkGPyNyl2Ugx+a/umUonmKqjhM4DnfbMvdX6otXq83soQQ==",
      "funding": [
        {
          "type": "github",
          "url": "https://github.com/sponsors/jimmywarting"
        },
        {
          "type": "paypal",
          "url": "https://paypal.me/jimmywarting"
        }
      ],
      "dependencies": {
        "node-domexception": "^1.0.0",
        "web-streams-polyfill": "^3.0.3"
      },
      "engines": {
        "node": "^12.20 || >= 14.13"
      }
    },
    "node_modules/file-system-access": {
      "version": "1.0.4",
      "resolved": "https://registry.npmjs.org/file-system-access/-/file-system-access-1.0.4.tgz",
      "integrity": "sha512-JDlhH+gJfZu/oExmtN4/6VX+q1etlrbJbR5uzoBa4BzfTRQbEXGFuGIBRk3ZcPocko3WdEclZSu+d/SByjG6Rg==",
      "dependencies": {
        "@types/wicg-file-system-access": "^2020.9.2",
        "fetch-blob": "^3.0.0",
        "node-domexception": "^1.0.0"
      },
      "engines": {
        "node": ">=14"
      },
      "optionalDependencies": {
        "web-streams-polyfill": "^3.1.0"
      }
    },
    "node_modules/is-typedarray": {
      "version": "1.0.0",
      "resolved": "https://registry.npmjs.org/is-typedarray/-/is-typedarray-1.0.0.tgz",
      "integrity": "sha512-cyA56iCMHAh5CdzjJIa4aohJyeO1YbwLi3Jc35MmRU6poroFjIGZzUzupGiRPOjgHg9TLu43xbpwXk523fMxKA=="
    },
    "node_modules/ms": {
      "version": "2.0.0",
      "resolved": "https://registry.npmjs.org/ms/-/ms-2.0.0.tgz",
      "integrity": "sha512-Tpp60P6IUJDTuOq/5Z8cdskzJujfwqfOTkrwIwj7IRISpnkJnT6SyJ4PCPnGMoFjC9ddhal5KVIYtAt97ix05A=="
    },
    "node_modules/next-tick": {
      "version": "1.1.0",
      "resolved": "https://registry.npmjs.org/next-tick/-/next-tick-1.1.0.tgz",
      "integrity": "sha512-CXdUiJembsNjuToQvxayPZF9Vqht7hewsvy2sOWafLvi2awflj9mOC6bHIg50orX8IJvWKY9wYQ/zB2kogPslQ=="
    },
    "node_modules/node-domexception": {
      "version": "1.0.0",
      "resolved": "https://registry.npmjs.org/node-domexception/-/node-domexception-1.0.0.tgz",
      "integrity": "sha512-/jKZoMpw0F8GRwl4/eLROPA3cfcXtLApP0QzLmUT/HuPCZWyB7IY9ZrMeKw2O/nFIqPQB3PVM9aYm0F312AXDQ==",
      "deprecated": "Use your platform's native DOMException instead",
      "funding": [
        {
          "type": "github",
          "url": "https://github.com/sponsors/jimmywarting"
        },
        {
          "type": "github",
          "url": "https://paypal.me/jimmywarting"
        }
      ],
      "engines": {
        "node": ">=10.5.0"
      }
    },
    "node_modules/node-gyp-build": {
      "version": "4.8.0",
      "resolved": "https://registry.npmjs.org/node-gyp-build/-/node-gyp-build-4.8.0.tgz",
      "integrity": "sha512-u6fs2AEUljNho3EYTJNBfImO5QTo/J/1Etd+NVdCj7qWKUSN/bSLkZwhDv7I+w/MSC6qJ4cknepkAYykDdK8og==",
      "bin": {
        "node-gyp-build": "bin.js",
        "node-gyp-build-optional": "optional.js",
        "node-gyp-build-test": "build-test.js"
      }
    },
    "node_modules/prettier": {
      "version": "3.0.3",
      "resolved": "https://registry.npmjs.org/prettier/-/prettier-3.0.3.tgz",
      "integrity": "sha512-L/4pUDMxcNa8R/EthV08Zt42WBO4h1rarVtK0K+QJG0X187OLo7l699jWw0GKuwzkPQ//jMFA/8Xm6Fh3J/DAg==",
      "dev": true,
      "bin": {
        "prettier": "bin/prettier.cjs"
      },
      "engines": {
        "node": ">=14"
      },
      "funding": {
        "url": "https://github.com/prettier/prettier?sponsor=1"
      }
    },
    "node_modules/three": {
      "version": "0.94.0",
      "resolved": "https://registry.npmjs.org/three/-/three-0.94.0.tgz",
      "integrity": "sha512-UFyqFrb/CaTAHStYaPNxNeddNo/wlApRMJK0oIWjx5WMj/xhgXWKMRuAJ+leZBIA4wgeqifrbjKiwmNiysgMLg=="
    },
    "node_modules/tstl": {
      "version": "2.5.13",
      "resolved": "https://registry.npmjs.org/tstl/-/tstl-2.5.13.tgz",
      "integrity": "sha512-h9wayHHFI5+yqt8iau0vqH96cTNhezhZ/Fk/hrIdpfkiMu3lg9nzyvMfs5bIdX51IVzZO6DudLqhkL/rVXpT6g=="
    },
    "node_modules/type": {
      "version": "1.2.0",
      "resolved": "https://registry.npmjs.org/type/-/type-1.2.0.tgz",
      "integrity": "sha512-+5nt5AAniqsCnu2cEQQdpzCAh33kVx8n0VoFidKpB1dVVLAN/F+bgVOqOJqOnEnrhp222clB5p3vUlD+1QAnfg=="
    },
    "node_modules/typedarray-to-buffer": {
      "version": "3.1.5",
      "resolved": "https://registry.npmjs.org/typedarray-to-buffer/-/typedarray-to-buffer-3.1.5.tgz",
      "integrity": "sha512-zdu8XMNEDepKKR+XYOXAVPtWui0ly0NtohUscw+UmaHiAWT8hrV1rr//H6V+0DvJ3OQ19S979M0laLfX8rm82Q==",
      "dependencies": {
        "is-typedarray": "^1.0.0"
      }
    },
    "node_modules/typescript": {
      "version": "4.9.5",
      "resolved": "https://registry.npmjs.org/typescript/-/typescript-4.9.5.tgz",
      "integrity": "sha512-1FXk9E2Hm+QzZQ7z+McJiHL4NW1F2EzMu9Nq9i3zAaGqibafqYwCVU6WyWAuyQRRzOlxou8xZSyXLEN8oKj24g==",
      "dev": true,
      "bin": {
        "tsc": "bin/tsc",
        "tsserver": "bin/tsserver"
      },
      "engines": {
        "node": ">=4.2.0"
      }
    },
    "node_modules/utf-8-validate": {
      "version": "5.0.10",
      "resolved": "https://registry.npmjs.org/utf-8-validate/-/utf-8-validate-5.0.10.tgz",
      "integrity": "sha512-Z6czzLq4u8fPOyx7TU6X3dvUZVvoJmxSQ+IcrlmagKhilxlhZgxPK6C5Jqbkw1IDUmFTM+cz9QDnnLTwDz/2gQ==",
      "hasInstallScript": true,
      "dependencies": {
        "node-gyp-build": "^4.3.0"
      },
      "engines": {
        "node": ">=6.14.2"
      }
    },
    "node_modules/web-streams-polyfill": {
      "version": "3.3.2",
      "resolved": "https://registry.npmjs.org/web-streams-polyfill/-/web-streams-polyfill-3.3.2.tgz",
      "integrity": "sha512-3pRGuxRF5gpuZc0W+EpwQRmCD7gRqcDOMt688KmdlDAgAyaB1XlN0zq2njfDNm44XVdIouE7pZ6GzbdyH47uIQ==",
      "engines": {
        "node": ">= 8"
      }
    },
    "node_modules/websocket": {
      "version": "1.0.34",
      "resolved": "https://registry.npmjs.org/websocket/-/websocket-1.0.34.tgz",
      "integrity": "sha512-PRDso2sGwF6kM75QykIesBijKSVceR6jL2G8NGYyq2XrItNC2P5/qL5XeR056GhA+Ly7JMFvJb9I312mJfmqnQ==",
      "dependencies": {
        "bufferutil": "^4.0.1",
        "debug": "^2.2.0",
        "es5-ext": "^0.10.50",
        "typedarray-to-buffer": "^3.1.5",
        "utf-8-validate": "^5.0.2",
        "yaeti": "^0.0.6"
      },
      "engines": {
        "node": ">=4.0.0"
      }
    },
    "node_modules/websocket-polyfill": {
      "version": "0.0.3",
      "resolved": "https://registry.npmjs.org/websocket-polyfill/-/websocket-polyfill-0.0.3.tgz",
      "integrity": "sha512-pF3kR8Uaoau78MpUmFfzbIRxXj9PeQrCuPepGE6JIsfsJ/o/iXr07Q2iQNzKSSblQJ0FiGWlS64N4pVSm+O3Dg==",
      "dependencies": {
        "tstl": "^2.0.7",
        "websocket": "^1.0.28"
      }
    },
    "node_modules/yaeti": {
      "version": "0.0.6",
      "resolved": "https://registry.npmjs.org/yaeti/-/yaeti-0.0.6.tgz",
      "integrity": "sha512-MvQa//+KcZCUkBTIC9blM+CU9J2GzuTytsOUwf2lidtvkx/6gnEp1QvJv34t9vdjhFmha/mUiNDbN0D0mJWdug==",
      "deprecated": "Package no longer supported. Contact Support at https://www.npmjs.com/support for more info.",
      "engines": {
        "node": ">=0.10.32"
      }
    },
    "packages/chronodivide-bot": {
      "name": "@supalosa/chronodivide-bot",
      "version": "0.6.8-beta.0",
      "license": "UNLICENSED",
      "dependencies": {
        "@datastructures-js/priority-queue": "^6.3.0",
        "@timohausmann/quadtree-ts": "2.2.2",
        "dotenv": "^16.3.1"
      },
      "devDependencies": {
        "@chronodivide/game-api": "^0.73.0",
        "@types/node": "^14.17.32",
        "prettier": "3.0.3",
        "typescript": "^4.3.5"
      },
      "peerDependencies": {
        "@chronodivide/game-api": "^0.73.0"
      }
    },
    "packages/chronodivide-bot-driver": {
      "name": "@supalosa/chronodivide-bot-driver",
      "version": "0.6.8-beta.0",
      "license": "UNLICENSED",
      "dependencies": {
        "@supalosa/chronodivide-bot": "^0.6.7"
      },
      "devDependencies": {
        "typescript": "^4.3.5"
      },
      "peerDependencies": {
        "@chronodivide/game-api": "^0.73.0"
      }
    },
    "packages/chronodivide-bot-driver/node_modules/@supalosa/chronodivide-bot": {
      "version": "0.6.7",
      "resolved": "https://registry.npmjs.org/@supalosa/chronodivide-bot/-/chronodivide-bot-0.6.7.tgz",
      "integrity": "sha512-BN/gatHZir74FpAy8s/5LZndFO1HFCZ1/xO6QkTVCeFebhxZ0iYuZ3JWCSn9kOyrmYCepgdTKbnCMMiBqSMkeg==",
      "license": "UNLICENSED",
      "dependencies": {
        "@datastructures-js/priority-queue": "^6.3.0",
        "@timohausmann/quadtree-ts": "2.2.2",
        "dotenv": "^16.3.1"
      },
      "peerDependencies": {
        "@chronodivide/game-api": "^0.73.0"
      }
    }
  }
}
